
Microsoft Visual Studio Solution File, Format Version 12.00
# Visual Studio 15
VisualStudioVersion = 15.0.26124.0
MinimumVisualStudioVersion = 15.0.26124.0
Project("{2150E333-8FDC-42A3-9474-1A3956D46DE8}") = "src", "src", "{446D30EC-0644-4FB6-AA41-8FE636E34001}"
EndProject
Project("{FAE04EC0-301F-11D3-BF4B-00C04F79EFBC}") = "Deckin", "src\Deckin\Deckin.csproj", "{81A0F17E-E301-4436-AB75-4F682C130B47}"
EndProject
Project("{FAE04EC0-301F-11D3-BF4B-00C04F79EFBC}") = "Deckin.Host.Core", "src\Deckin.Host.Core\Deckin.Host.Core.csproj", "{6FD9D2B3-667B-4200-91B0-0CFC83F4E0A5}"
EndProject
Project("{FAE04EC0-301F-11D3-BF4B-00C04F79EFBC}") = "Sandbox", "src\Sandbox\Sandbox.csproj", "{7DD85122-69F6-4F35-AB0A-783C5C795DCB}"
EndProject
Project("{2150E333-8FDC-42A3-9474-1A3956D46DE8}") = "paket-files", "paket-files", "{D5325C46-86BD-43AC-A325-DEDEF2E467C7}"
EndProject
Project("{2150E333-8FDC-42A3-9474-1A3956D46DE8}") = "keepingcode", "keepingcode", "{DE97AF53-BAC4-4F3D-866D-EE26F7894C17}"
EndProject
Project("{2150E333-8FDC-42A3-9474-1A3956D46DE8}") = "framework", "framework", "{2A2C7C46-2A12-48E1-8285-6BD5B85FA980}"
EndProject
Project("{2150E333-8FDC-42A3-9474-1A3956D46DE8}") = "src", "src", "{CE3952B7-6A5C-4B8F-9DC9-0E796EC848A3}"
EndProject
Project("{2150E333-8FDC-42A3-9474-1A3956D46DE8}") = "Toolset", "Toolset", "{9B59EDDE-A03A-464D-8614-9C1779524EE6}"
EndProject
Project("{FAE04EC0-301F-11D3-BF4B-00C04F79EFBC}") = "Toolset", "paket-files\keepingcode\framework\src\Toolset\Toolset\Toolset.csproj", "{2A9E8E9C-5DC5-4E36-A11C-969B300266D8}"
EndProject
Project("{FAE04EC0-301F-11D3-BF4B-00C04F79EFBC}") = "Toolset.Sequel", "paket-files\keepingcode\framework\src\Toolset\Toolset.Sequel\Toolset.Sequel.csproj", "{E054DA97-32BF-42CE-8B8F-1F7DEDD0471E}"
EndProject
Project("{FAE04EC0-301F-11D3-BF4B-00C04F79EFBC}") = "Toolset.Serialization", "paket-files\keepingcode\framework\src\Toolset\Toolset.Serialization\Toolset.Serialization.csproj", "{A0EB6780-39FB-49D4-B166-2525FDDD244A}"
EndProject
Project("{FAE04EC0-301F-11D3-BF4B-00C04F79EFBC}") = "Toolset.Text.Template", "paket-files\keepingcode\framework\src\Toolset\Toolset.Text.Template\Toolset.Text.Template.csproj", "{6345BD5E-53E1-447D-BB76-603C1CF85ADC}"
EndProject
Global
	GlobalSection(SolutionConfigurationPlatforms) = preSolution
		Debug|Any CPU = Debug|Any CPU
		Debug|x64 = Debug|x64
		Debug|x86 = Debug|x86
		Release|Any CPU = Release|Any CPU
		Release|x64 = Release|x64
		Release|x86 = Release|x86
	EndGlobalSection
	GlobalSection(SolutionProperties) = preSolution
		HideSolutionNode = FALSE
	EndGlobalSection
	GlobalSection(ProjectConfigurationPlatforms) = postSolution
		{81A0F17E-E301-4436-AB75-4F682C130B47}.Debug|Any CPU.ActiveCfg = Debug|Any CPU
		{81A0F17E-E301-4436-AB75-4F682C130B47}.Debug|Any CPU.Build.0 = Debug|Any CPU
		{81A0F17E-E301-4436-AB75-4F682C130B47}.Debug|x64.ActiveCfg = Debug|Any CPU
		{81A0F17E-E301-4436-AB75-4F682C130B47}.Debug|x64.Build.0 = Debug|Any CPU
		{81A0F17E-E301-4436-AB75-4F682C130B47}.Debug|x86.ActiveCfg = Debug|Any CPU
		{81A0F17E-E301-4436-AB75-4F682C130B47}.Debug|x86.Build.0 = Debug|Any CPU
		{81A0F17E-E301-4436-AB75-4F682C130B47}.Release|Any CPU.ActiveCfg = Release|Any CPU
		{81A0F17E-E301-4436-AB75-4F682C130B47}.Release|Any CPU.Build.0 = Release|Any CPU
		{81A0F17E-E301-4436-AB75-4F682C130B47}.Release|x64.ActiveCfg = Release|Any CPU
		{81A0F17E-E301-4436-AB75-4F682C130B47}.Release|x64.Build.0 = Release|Any CPU
		{81A0F17E-E301-4436-AB75-4F682C130B47}.Release|x86.ActiveCfg = Release|Any CPU
		{81A0F17E-E301-4436-AB75-4F682C130B47}.Release|x86.Build.0 = Release|Any CPU
		{6FD9D2B3-667B-4200-91B0-0CFC83F4E0A5}.Debug|Any CPU.ActiveCfg = Debug|Any CPU
		{6FD9D2B3-667B-4200-91B0-0CFC83F4E0A5}.Debug|Any CPU.Build.0 = Debug|Any CPU
		{6FD9D2B3-667B-4200-91B0-0CFC83F4E0A5}.Debug|x64.ActiveCfg = Debug|Any CPU
		{6FD9D2B3-667B-4200-91B0-0CFC83F4E0A5}.Debug|x64.Build.0 = Debug|Any CPU
		{6FD9D2B3-667B-4200-91B0-0CFC83F4E0A5}.Debug|x86.ActiveCfg = Debug|Any CPU
		{6FD9D2B3-667B-4200-91B0-0CFC83F4E0A5}.Debug|x86.Build.0 = Debug|Any CPU
		{6FD9D2B3-667B-4200-91B0-0CFC83F4E0A5}.Release|Any CPU.ActiveCfg = Release|Any CPU
		{6FD9D2B3-667B-4200-91B0-0CFC83F4E0A5}.Release|Any CPU.Build.0 = Release|Any CPU
		{6FD9D2B3-667B-4200-91B0-0CFC83F4E0A5}.Release|x64.ActiveCfg = Release|Any CPU
		{6FD9D2B3-667B-4200-91B0-0CFC83F4E0A5}.Release|x64.Build.0 = Release|Any CPU
		{6FD9D2B3-667B-4200-91B0-0CFC83F4E0A5}.Release|x86.ActiveCfg = Release|Any CPU
		{6FD9D2B3-667B-4200-91B0-0CFC83F4E0A5}.Release|x86.Build.0 = Release|Any CPU
		{7DD85122-69F6-4F35-AB0A-783C5C795DCB}.Debug|Any CPU.ActiveCfg = Debug|Any CPU
		{7DD85122-69F6-4F35-AB0A-783C5C795DCB}.Debug|Any CPU.Build.0 = Debug|Any CPU
		{7DD85122-69F6-4F35-AB0A-783C5C795DCB}.Debug|x64.ActiveCfg = Debug|Any CPU
		{7DD85122-69F6-4F35-AB0A-783C5C795DCB}.Debug|x64.Build.0 = Debug|Any CPU
		{7DD85122-69F6-4F35-AB0A-783C5C795DCB}.Debug|x86.ActiveCfg = Debug|Any CPU
		{7DD85122-69F6-4F35-AB0A-783C5C795DCB}.Debug|x86.Build.0 = Debug|Any CPU
		{7DD85122-69F6-4F35-AB0A-783C5C795DCB}.Release|Any CPU.ActiveCfg = Release|Any CPU
		{7DD85122-69F6-4F35-AB0A-783C5C795DCB}.Release|Any CPU.Build.0 = Release|Any CPU
		{7DD85122-69F6-4F35-AB0A-783C5C795DCB}.Release|x64.ActiveCfg = Release|Any CPU
		{7DD85122-69F6-4F35-AB0A-783C5C795DCB}.Release|x64.Build.0 = Release|Any CPU
		{7DD85122-69F6-4F35-AB0A-783C5C795DCB}.Release|x86.ActiveCfg = Release|Any CPU
		{7DD85122-69F6-4F35-AB0A-783C5C795DCB}.Release|x86.Build.0 = Release|Any CPU
		{2A9E8E9C-5DC5-4E36-A11C-969B300266D8}.Debug|Any CPU.ActiveCfg = Debug|Any CPU
		{2A9E8E9C-5DC5-4E36-A11C-969B300266D8}.Debug|Any CPU.Build.0 = Debug|Any CPU
		{2A9E8E9C-5DC5-4E36-A11C-969B300266D8}.Debug|x64.ActiveCfg = Debug|Any CPU
		{2A9E8E9C-5DC5-4E36-A11C-969B300266D8}.Debug|x64.Build.0 = Debug|Any CPU
		{2A9E8E9C-5DC5-4E36-A11C-969B300266D8}.Debug|x86.ActiveCfg = Debug|Any CPU
		{2A9E8E9C-5DC5-4E36-A11C-969B300266D8}.Debug|x86.Build.0 = Debug|Any CPU
		{2A9E8E9C-5DC5-4E36-A11C-969B300266D8}.Release|Any CPU.ActiveCfg = Release|Any CPU
		{2A9E8E9C-5DC5-4E36-A11C-969B300266D8}.Release|Any CPU.Build.0 = Release|Any CPU
		{2A9E8E9C-5DC5-4E36-A11C-969B300266D8}.Release|x64.ActiveCfg = Release|Any CPU
		{2A9E8E9C-5DC5-4E36-A11C-969B300266D8}.Release|x64.Build.0 = Release|Any CPU
		{2A9E8E9C-5DC5-4E36-A11C-969B300266D8}.Release|x86.ActiveCfg = Release|Any CPU
		{2A9E8E9C-5DC5-4E36-A11C-969B300266D8}.Release|x86.Build.0 = Release|Any CPU
		{E054DA97-32BF-42CE-8B8F-1F7DEDD0471E}.Debug|Any CPU.ActiveCfg = Debug|Any CPU
		{E054DA97-32BF-42CE-8B8F-1F7DEDD0471E}.Debug|Any CPU.Build.0 = Debug|Any CPU
		{E054DA97-32BF-42CE-8B8F-1F7DEDD0471E}.Debug|x64.ActiveCfg = Debug|Any CPU
		{E054DA97-32BF-42CE-8B8F-1F7DEDD0471E}.Debug|x64.Build.0 = Debug|Any CPU
		{E054DA97-32BF-42CE-8B8F-1F7DEDD0471E}.Debug|x86.ActiveCfg = Debug|Any CPU
		{E054DA97-32BF-42CE-8B8F-1F7DEDD0471E}.Debug|x86.Build.0 = Debug|Any CPU
		{E054DA97-32BF-42CE-8B8F-1F7DEDD0471E}.Release|Any CPU.ActiveCfg = Release|Any CPU
		{E054DA97-32BF-42CE-8B8F-1F7DEDD0471E}.Release|Any CPU.Build.0 = Release|Any CPU
		{E054DA97-32BF-42CE-8B8F-1F7DEDD0471E}.Release|x64.ActiveCfg = Release|Any CPU
		{E054DA97-32BF-42CE-8B8F-1F7DEDD0471E}.Release|x64.Build.0 = Release|Any CPU
		{E054DA97-32BF-42CE-8B8F-1F7DEDD0471E}.Release|x86.ActiveCfg = Release|Any CPU
		{E054DA97-32BF-42CE-8B8F-1F7DEDD0471E}.Release|x86.Build.0 = Release|Any CPU
		{A0EB6780-39FB-49D4-B166-2525FDDD244A}.Debug|Any CPU.ActiveCfg = Debug|Any CPU
		{A0EB6780-39FB-49D4-B166-2525FDDD244A}.Debug|Any CPU.Build.0 = Debug|Any CPU
		{A0EB6780-39FB-49D4-B166-2525FDDD244A}.Debug|x64.ActiveCfg = Debug|Any CPU
		{A0EB6780-39FB-49D4-B166-2525FDDD244A}.Debug|x64.Build.0 = Debug|Any CPU
		{A0EB6780-39FB-49D4-B166-2525FDDD244A}.Debug|x86.ActiveCfg = Debug|Any CPU
		{A0EB6780-39FB-49D4-B166-2525FDDD244A}.Debug|x86.Build.0 = Debug|Any CPU
		{A0EB6780-39FB-49D4-B166-2525FDDD244A}.Release|Any CPU.ActiveCfg = Release|Any CPU
		{A0EB6780-39FB-49D4-B166-2525FDDD244A}.Release|Any CPU.Build.0 = Release|Any CPU
		{A0EB6780-39FB-49D4-B166-2525FDDD244A}.Release|x64.ActiveCfg = Release|Any CPU
		{A0EB6780-39FB-49D4-B166-2525FDDD244A}.Release|x64.Build.0 = Release|Any CPU
		{A0EB6780-39FB-49D4-B166-2525FDDD244A}.Release|x86.ActiveCfg = Release|Any CPU
		{A0EB6780-39FB-49D4-B166-2525FDDD244A}.Release|x86.Build.0 = Release|Any CPU
		{6345BD5E-53E1-447D-BB76-603C1CF85ADC}.Debug|Any CPU.ActiveCfg = Debug|Any CPU
		{6345BD5E-53E1-447D-BB76-603C1CF85ADC}.Debug|Any CPU.Build.0 = Debug|Any CPU
		{6345BD5E-53E1-447D-BB76-603C1CF85ADC}.Debug|x64.ActiveCfg = Debug|Any CPU
		{6345BD5E-53E1-447D-BB76-603C1CF85ADC}.Debug|x64.Build.0 = Debug|Any CPU
		{6345BD5E-53E1-447D-BB76-603C1CF85ADC}.Debug|x86.ActiveCfg = Debug|Any CPU
		{6345BD5E-53E1-447D-BB76-603C1CF85ADC}.Debug|x86.Build.0 = Debug|Any CPU
		{6345BD5E-53E1-447D-BB76-603C1CF85ADC}.Release|Any CPU.ActiveCfg = Release|Any CPU
		{6345BD5E-53E1-447D-BB76-603C1CF85ADC}.Release|Any CPU.Build.0 = Release|Any CPU
		{6345BD5E-53E1-447D-BB76-603C1CF85ADC}.Release|x64.ActiveCfg = Release|Any CPU
		{6345BD5E-53E1-447D-BB76-603C1CF85ADC}.Release|x64.Build.0 = Release|Any CPU
		{6345BD5E-53E1-447D-BB76-603C1CF85ADC}.Release|x86.ActiveCfg = Release|Any CPU
		{6345BD5E-53E1-447D-BB76-603C1CF85ADC}.Release|x86.Build.0 = Release|Any CPU
	EndGlobalSection
	GlobalSection(NestedProjects) = preSolution
		{81A0F17E-E301-4436-AB75-4F682C130B47} = {446D30EC-0644-4FB6-AA41-8FE636E34001}
		{6FD9D2B3-667B-4200-91B0-0CFC83F4E0A5} = {446D30EC-0644-4FB6-AA41-8FE636E34001}
		{7DD85122-69F6-4F35-AB0A-783C5C795DCB} = {446D30EC-0644-4FB6-AA41-8FE636E34001}
		{DE97AF53-BAC4-4F3D-866D-EE26F7894C17} = {D5325C46-86BD-43AC-A325-DEDEF2E467C7}
		{2A2C7C46-2A12-48E1-8285-6BD5B85FA980} = {DE97AF53-BAC4-4F3D-866D-EE26F7894C17}
		{CE3952B7-6A5C-4B8F-9DC9-0E796EC848A3} = {2A2C7C46-2A12-48E1-8285-6BD5B85FA980}
		{9B59EDDE-A03A-464D-8614-9C1779524EE6} = {CE3952B7-6A5C-4B8F-9DC9-0E796EC848A3}
		{2A9E8E9C-5DC5-4E36-A11C-969B300266D8} = {9B59EDDE-A03A-464D-8614-9C1779524EE6}
		{E054DA97-32BF-42CE-8B8F-1F7DEDD0471E} = {9B59EDDE-A03A-464D-8614-9C1779524EE6}
		{A0EB6780-39FB-49D4-B166-2525FDDD244A} = {9B59EDDE-A03A-464D-8614-9C1779524EE6}
		{6345BD5E-53E1-447D-BB76-603C1CF85ADC} = {9B59EDDE-A03A-464D-8614-9C1779524EE6}
	EndGlobalSection
EndGlobal
