
Microsoft Visual Studio Solution File, Format Version 12.00
# Visual Studio Version 16
VisualStudioVersion = 16.0.29806.167
MinimumVisualStudioVersion = 15.0.26124.0
Project("{9A19103F-16F7-4668-BE54-9A1E7A4F7556}") = "Director", "Server\Director\Director.csproj", "{0DFD1DF8-8536-47E3-BF98-A189B53299FF}"
EndProject
Project("{9A19103F-16F7-4668-BE54-9A1E7A4F7556}") = "Keep.Tools", "Server\Keep.Tools\Keep.Tools.csproj", "{A1711D92-A194-402D-B8E9-B4F67B5399A8}"
EndProject
Project("{9A19103F-16F7-4668-BE54-9A1E7A4F7556}") = "Keep.Paper", "Server\Keep.Paper\Keep.Paper.csproj", "{5585C66E-A8F9-44F5-A87C-F1C6AE5D58A7}"
EndProject
Project("{9A19103F-16F7-4668-BE54-9A1E7A4F7556}") = "Sandbox", "Server\Sandbox\Sandbox.csproj", "{F3070085-E053-4F82-8794-374448A556B8}"
EndProject
Project("{54435603-DBB4-11D2-8724-00A0C9A8B90C}") = "Setup", "Server\Setup\Setup.vdproj", "{7C624395-47FE-4604-BA6D-2FE77981D461}"
EndProject
Project("{9A19103F-16F7-4668-BE54-9A1E7A4F7556}") = "Keep.Paper.Client", "Server\Keep.Paper.Client\Keep.Paper.Client.csproj", "{BF814B2B-9090-4872-B7E2-141B5F849FE5}"
EndProject
Project("{2150E333-8FDC-42A3-9474-1A3956D46DE8}") = "Solution Items", "Solution Items", "{7647C1C5-A792-49DC-9955-0515EB1DBDCB}"
	ProjectSection(SolutionItems) = preProject
		pack.conf = pack.conf
		pack.info = pack.info
	EndProjectSection
EndProject
Global
	GlobalSection(SolutionConfigurationPlatforms) = preSolution
		Debug|Any CPU = Debug|Any CPU
		Debug|x64 = Debug|x64
		Debug|x86 = Debug|x86
		Release|Any CPU = Release|Any CPU
		Release|x64 = Release|x64
		Release|x86 = Release|x86
	EndGlobalSection
	GlobalSection(ProjectConfigurationPlatforms) = postSolution
		{0DFD1DF8-8536-47E3-BF98-A189B53299FF}.Debug|Any CPU.ActiveCfg = Debug|Any CPU
		{0DFD1DF8-8536-47E3-BF98-A189B53299FF}.Debug|Any CPU.Build.0 = Debug|Any CPU
		{0DFD1DF8-8536-47E3-BF98-A189B53299FF}.Debug|x64.ActiveCfg = Debug|Any CPU
		{0DFD1DF8-8536-47E3-BF98-A189B53299FF}.Debug|x64.Build.0 = Debug|Any CPU
		{0DFD1DF8-8536-47E3-BF98-A189B53299FF}.Debug|x86.ActiveCfg = Debug|Any CPU
		{0DFD1DF8-8536-47E3-BF98-A189B53299FF}.Debug|x86.Build.0 = Debug|Any CPU
		{0DFD1DF8-8536-47E3-BF98-A189B53299FF}.Release|Any CPU.ActiveCfg = Release|Any CPU
		{0DFD1DF8-8536-47E3-BF98-A189B53299FF}.Release|Any CPU.Build.0 = Release|Any CPU
		{0DFD1DF8-8536-47E3-BF98-A189B53299FF}.Release|x64.ActiveCfg = Release|Any CPU
		{0DFD1DF8-8536-47E3-BF98-A189B53299FF}.Release|x64.Build.0 = Release|Any CPU
		{0DFD1DF8-8536-47E3-BF98-A189B53299FF}.Release|x86.ActiveCfg = Release|Any CPU
		{0DFD1DF8-8536-47E3-BF98-A189B53299FF}.Release|x86.Build.0 = Release|Any CPU
		{A1711D92-A194-402D-B8E9-B4F67B5399A8}.Debug|Any CPU.ActiveCfg = Debug|Any CPU
		{A1711D92-A194-402D-B8E9-B4F67B5399A8}.Debug|Any CPU.Build.0 = Debug|Any CPU
		{A1711D92-A194-402D-B8E9-B4F67B5399A8}.Debug|x64.ActiveCfg = Debug|Any CPU
		{A1711D92-A194-402D-B8E9-B4F67B5399A8}.Debug|x64.Build.0 = Debug|Any CPU
		{A1711D92-A194-402D-B8E9-B4F67B5399A8}.Debug|x86.ActiveCfg = Debug|Any CPU
		{A1711D92-A194-402D-B8E9-B4F67B5399A8}.Debug|x86.Build.0 = Debug|Any CPU
		{A1711D92-A194-402D-B8E9-B4F67B5399A8}.Release|Any CPU.ActiveCfg = Release|Any CPU
		{A1711D92-A194-402D-B8E9-B4F67B5399A8}.Release|Any CPU.Build.0 = Release|Any CPU
		{A1711D92-A194-402D-B8E9-B4F67B5399A8}.Release|x64.ActiveCfg = Release|Any CPU
		{A1711D92-A194-402D-B8E9-B4F67B5399A8}.Release|x64.Build.0 = Release|Any CPU
		{A1711D92-A194-402D-B8E9-B4F67B5399A8}.Release|x86.ActiveCfg = Release|Any CPU
		{A1711D92-A194-402D-B8E9-B4F67B5399A8}.Release|x86.Build.0 = Release|Any CPU
		{5585C66E-A8F9-44F5-A87C-F1C6AE5D58A7}.Debug|Any CPU.ActiveCfg = Debug|Any CPU
		{5585C66E-A8F9-44F5-A87C-F1C6AE5D58A7}.Debug|Any CPU.Build.0 = Debug|Any CPU
		{5585C66E-A8F9-44F5-A87C-F1C6AE5D58A7}.Debug|x64.ActiveCfg = Debug|Any CPU
		{5585C66E-A8F9-44F5-A87C-F1C6AE5D58A7}.Debug|x64.Build.0 = Debug|Any CPU
		{5585C66E-A8F9-44F5-A87C-F1C6AE5D58A7}.Debug|x86.ActiveCfg = Debug|Any CPU
		{5585C66E-A8F9-44F5-A87C-F1C6AE5D58A7}.Debug|x86.Build.0 = Debug|Any CPU
		{5585C66E-A8F9-44F5-A87C-F1C6AE5D58A7}.Release|Any CPU.ActiveCfg = Release|Any CPU
		{5585C66E-A8F9-44F5-A87C-F1C6AE5D58A7}.Release|Any CPU.Build.0 = Release|Any CPU
		{5585C66E-A8F9-44F5-A87C-F1C6AE5D58A7}.Release|x64.ActiveCfg = Release|Any CPU
		{5585C66E-A8F9-44F5-A87C-F1C6AE5D58A7}.Release|x64.Build.0 = Release|Any CPU
		{5585C66E-A8F9-44F5-A87C-F1C6AE5D58A7}.Release|x86.ActiveCfg = Release|Any CPU
		{5585C66E-A8F9-44F5-A87C-F1C6AE5D58A7}.Release|x86.Build.0 = Release|Any CPU
		{F3070085-E053-4F82-8794-374448A556B8}.Debug|Any CPU.ActiveCfg = Debug|Any CPU
		{F3070085-E053-4F82-8794-374448A556B8}.Debug|Any CPU.Build.0 = Debug|Any CPU
		{F3070085-E053-4F82-8794-374448A556B8}.Debug|x64.ActiveCfg = Debug|Any CPU
		{F3070085-E053-4F82-8794-374448A556B8}.Debug|x64.Build.0 = Debug|Any CPU
		{F3070085-E053-4F82-8794-374448A556B8}.Debug|x86.ActiveCfg = Debug|Any CPU
		{F3070085-E053-4F82-8794-374448A556B8}.Debug|x86.Build.0 = Debug|Any CPU
		{F3070085-E053-4F82-8794-374448A556B8}.Release|Any CPU.ActiveCfg = Release|Any CPU
		{F3070085-E053-4F82-8794-374448A556B8}.Release|x64.ActiveCfg = Release|Any CPU
		{F3070085-E053-4F82-8794-374448A556B8}.Release|x64.Build.0 = Release|Any CPU
		{F3070085-E053-4F82-8794-374448A556B8}.Release|x86.ActiveCfg = Release|Any CPU
		{F3070085-E053-4F82-8794-374448A556B8}.Release|x86.Build.0 = Release|Any CPU
		{7C624395-47FE-4604-BA6D-2FE77981D461}.Debug|Any CPU.ActiveCfg = Debug
		{7C624395-47FE-4604-BA6D-2FE77981D461}.Debug|Any CPU.Build.0 = Debug
		{7C624395-47FE-4604-BA6D-2FE77981D461}.Debug|x64.ActiveCfg = Debug
		{7C624395-47FE-4604-BA6D-2FE77981D461}.Debug|x64.Build.0 = Debug
		{7C624395-47FE-4604-BA6D-2FE77981D461}.Debug|x86.ActiveCfg = Debug
		{7C624395-47FE-4604-BA6D-2FE77981D461}.Debug|x86.Build.0 = Debug
		{7C624395-47FE-4604-BA6D-2FE77981D461}.Release|Any CPU.ActiveCfg = Release
		{7C624395-47FE-4604-BA6D-2FE77981D461}.Release|Any CPU.Build.0 = Release
		{7C624395-47FE-4604-BA6D-2FE77981D461}.Release|x64.ActiveCfg = Release
		{7C624395-47FE-4604-BA6D-2FE77981D461}.Release|x64.Build.0 = Release
		{7C624395-47FE-4604-BA6D-2FE77981D461}.Release|x86.ActiveCfg = Release
		{7C624395-47FE-4604-BA6D-2FE77981D461}.Release|x86.Build.0 = Release
		{BF814B2B-9090-4872-B7E2-141B5F849FE5}.Debug|Any CPU.ActiveCfg = Debug|Any CPU
		{BF814B2B-9090-4872-B7E2-141B5F849FE5}.Debug|Any CPU.Build.0 = Debug|Any CPU
		{BF814B2B-9090-4872-B7E2-141B5F849FE5}.Debug|x64.ActiveCfg = Debug|Any CPU
		{BF814B2B-9090-4872-B7E2-141B5F849FE5}.Debug|x64.Build.0 = Debug|Any CPU
		{BF814B2B-9090-4872-B7E2-141B5F849FE5}.Debug|x86.ActiveCfg = Debug|Any CPU
		{BF814B2B-9090-4872-B7E2-141B5F849FE5}.Debug|x86.Build.0 = Debug|Any CPU
		{BF814B2B-9090-4872-B7E2-141B5F849FE5}.Release|Any CPU.ActiveCfg = Release|Any CPU
		{BF814B2B-9090-4872-B7E2-141B5F849FE5}.Release|Any CPU.Build.0 = Release|Any CPU
		{BF814B2B-9090-4872-B7E2-141B5F849FE5}.Release|x64.ActiveCfg = Release|Any CPU
		{BF814B2B-9090-4872-B7E2-141B5F849FE5}.Release|x64.Build.0 = Release|Any CPU
		{BF814B2B-9090-4872-B7E2-141B5F849FE5}.Release|x86.ActiveCfg = Release|Any CPU
		{BF814B2B-9090-4872-B7E2-141B5F849FE5}.Release|x86.Build.0 = Release|Any CPU
	EndGlobalSection
	GlobalSection(SolutionProperties) = preSolution
		HideSolutionNode = FALSE
	EndGlobalSection
	GlobalSection(ExtensibilityGlobals) = postSolution
		SolutionGuid = {59C38C47-85C8-4A16-B6E1-11FCB7F3C036}
	EndGlobalSection
	GlobalSection(ExtensibilityGlobals) = postSolution
		SolutionGuid = {59C38C47-85C8-4A16-B6E1-11FCB7F3C036}
	EndGlobalSection
	GlobalSection(ExtensibilityGlobals) = postSolution
		SolutionGuid = {59C38C47-85C8-4A16-B6E1-11FCB7F3C036}
	EndGlobalSection
EndGlobal
