
Microsoft Visual Studio Solution File, Format Version 12.00
# Visual Studio Version 16
VisualStudioVersion = 16.0.29806.167
MinimumVisualStudioVersion = 15.0.26124.0
Project("{FAE04EC0-301F-11D3-BF4B-00C04F79EFBC}") = "Keep.Tools", "Server\Keep.Tools\Keep.Tools.csproj", "{A1711D92-A194-402D-B8E9-B4F67B5399A8}"
EndProject
Project("{FAE04EC0-301F-11D3-BF4B-00C04F79EFBC}") = "Keep.Paper", "Server\Keep.Paper\Keep.Paper.csproj", "{5585C66E-A8F9-44F5-A87C-F1C6AE5D58A7}"
EndProject
Project("{54435603-DBB4-11D2-8724-00A0C9A8B90C}") = "Setup", "Server\Setup\Setup.vdproj", "{7C624395-47FE-4604-BA6D-2FE77981D461}"
EndProject
Project("{FAE04EC0-301F-11D3-BF4B-00C04F79EFBC}") = "Keep.Paper.Client", "Server\Keep.Paper.Client\Keep.Paper.Client.csproj", "{BF814B2B-9090-4872-B7E2-141B5F849FE5}"
EndProject
Project("{2150E333-8FDC-42A3-9474-1A3956D46DE8}") = "Solution Items", "Solution Items", "{7647C1C5-A792-49DC-9955-0515EB1DBDCB}"
	ProjectSection(SolutionItems) = preProject
		pack.conf = pack.conf
		pack.info = pack.info
	EndProjectSection
EndProject
Project("{FAE04EC0-301F-11D3-BF4B-00C04F79EFBC}") = "Sandbox", "Server\Sandbox\Sandbox.csproj", "{87FBEA87-8ADB-4684-BD14-9897A1574318}"
EndProject
Project("{FAE04EC0-301F-11D3-BF4B-00C04F79EFBC}") = "Innkeeper", "Server\Innkeeper\Innkeeper.csproj", "{0F33C921-D4A6-4AD0-8AB2-911941BAEF41}"
EndProject
Project("{FAE04EC0-301F-11D3-BF4B-00C04F79EFBC}") = "AppSuite", "Server\AppSuite\AppSuite.csproj", "{0653930F-57F3-43E5-9166-118F32A5AE60}"
EndProject
Project("{9344BDBB-3E7F-41FC-A0DD-8665D75EE146}") = "AppSuite.Host", "Server\AppSuite.Host\AppSuite.Host.csproj", "{BE4FEA5C-163E-425C-B1E0-5C1388703135}"
EndProject
Project("{FAE04EC0-301F-11D3-BF4B-00C04F79EFBC}") = "Mercadologic", "Server\Mercadologic\Mercadologic.csproj", "{F1DBE644-AAEE-4B09-896B-9622C1885A4C}"
EndProject
Global
	GlobalSection(SolutionConfigurationPlatforms) = preSolution
		Debug|Any CPU = Debug|Any CPU
		Debug|x64 = Debug|x64
		Debug|x86 = Debug|x86
		Release|Any CPU = Release|Any CPU
		Release|x64 = Release|x64
		Release|x86 = Release|x86
	EndGlobalSection
	GlobalSection(ProjectConfigurationPlatforms) = postSolution
		{A1711D92-A194-402D-B8E9-B4F67B5399A8}.Debug|Any CPU.ActiveCfg = Debug|Any CPU
		{A1711D92-A194-402D-B8E9-B4F67B5399A8}.Debug|Any CPU.Build.0 = Debug|Any CPU
		{A1711D92-A194-402D-B8E9-B4F67B5399A8}.Debug|x64.ActiveCfg = Debug|Any CPU
		{A1711D92-A194-402D-B8E9-B4F67B5399A8}.Debug|x64.Build.0 = Debug|Any CPU
		{A1711D92-A194-402D-B8E9-B4F67B5399A8}.Debug|x86.ActiveCfg = Debug|Any CPU
		{A1711D92-A194-402D-B8E9-B4F67B5399A8}.Debug|x86.Build.0 = Debug|Any CPU
		{A1711D92-A194-402D-B8E9-B4F67B5399A8}.Release|Any CPU.ActiveCfg = Release|Any CPU
		{A1711D92-A194-402D-B8E9-B4F67B5399A8}.Release|Any CPU.Build.0 = Release|Any CPU
		{A1711D92-A194-402D-B8E9-B4F67B5399A8}.Release|x64.ActiveCfg = Release|Any CPU
		{A1711D92-A194-402D-B8E9-B4F67B5399A8}.Release|x64.Build.0 = Release|Any CPU
		{A1711D92-A194-402D-B8E9-B4F67B5399A8}.Release|x86.ActiveCfg = Release|Any CPU
		{A1711D92-A194-402D-B8E9-B4F67B5399A8}.Release|x86.Build.0 = Release|Any CPU
		{5585C66E-A8F9-44F5-A87C-F1C6AE5D58A7}.Debug|Any CPU.ActiveCfg = Debug|Any CPU
		{5585C66E-A8F9-44F5-A87C-F1C6AE5D58A7}.Debug|Any CPU.Build.0 = Debug|Any CPU
		{5585C66E-A8F9-44F5-A87C-F1C6AE5D58A7}.Debug|x64.ActiveCfg = Debug|Any CPU
		{5585C66E-A8F9-44F5-A87C-F1C6AE5D58A7}.Debug|x64.Build.0 = Debug|Any CPU
		{5585C66E-A8F9-44F5-A87C-F1C6AE5D58A7}.Debug|x86.ActiveCfg = Debug|Any CPU
		{5585C66E-A8F9-44F5-A87C-F1C6AE5D58A7}.Debug|x86.Build.0 = Debug|Any CPU
		{5585C66E-A8F9-44F5-A87C-F1C6AE5D58A7}.Release|Any CPU.ActiveCfg = Release|Any CPU
		{5585C66E-A8F9-44F5-A87C-F1C6AE5D58A7}.Release|Any CPU.Build.0 = Release|Any CPU
		{5585C66E-A8F9-44F5-A87C-F1C6AE5D58A7}.Release|x64.ActiveCfg = Release|Any CPU
		{5585C66E-A8F9-44F5-A87C-F1C6AE5D58A7}.Release|x64.Build.0 = Release|Any CPU
		{5585C66E-A8F9-44F5-A87C-F1C6AE5D58A7}.Release|x86.ActiveCfg = Release|Any CPU
		{5585C66E-A8F9-44F5-A87C-F1C6AE5D58A7}.Release|x86.Build.0 = Release|Any CPU
		{7C624395-47FE-4604-BA6D-2FE77981D461}.Debug|Any CPU.ActiveCfg = Debug|Any CPU
		{7C624395-47FE-4604-BA6D-2FE77981D461}.Debug|Any CPU.Build.0 = Debug|Any CPU
		{7C624395-47FE-4604-BA6D-2FE77981D461}.Debug|x64.ActiveCfg = Debug|Any CPU
		{7C624395-47FE-4604-BA6D-2FE77981D461}.Debug|x64.Build.0 = Debug|Any CPU
		{7C624395-47FE-4604-BA6D-2FE77981D461}.Debug|x86.ActiveCfg = Debug|Any CPU
		{7C624395-47FE-4604-BA6D-2FE77981D461}.Debug|x86.Build.0 = Debug|Any CPU
		{7C624395-47FE-4604-BA6D-2FE77981D461}.Release|Any CPU.ActiveCfg = Release|Any CPU
		{7C624395-47FE-4604-BA6D-2FE77981D461}.Release|Any CPU.Build.0 = Release|Any CPU
		{7C624395-47FE-4604-BA6D-2FE77981D461}.Release|x64.ActiveCfg = Release|Any CPU
		{7C624395-47FE-4604-BA6D-2FE77981D461}.Release|x64.Build.0 = Release|Any CPU
		{7C624395-47FE-4604-BA6D-2FE77981D461}.Release|x86.ActiveCfg = Release|Any CPU
		{7C624395-47FE-4604-BA6D-2FE77981D461}.Release|x86.Build.0 = Release|Any CPU
		{BF814B2B-9090-4872-B7E2-141B5F849FE5}.Debug|Any CPU.ActiveCfg = Debug|Any CPU
		{BF814B2B-9090-4872-B7E2-141B5F849FE5}.Debug|Any CPU.Build.0 = Debug|Any CPU
		{BF814B2B-9090-4872-B7E2-141B5F849FE5}.Debug|x64.ActiveCfg = Debug|Any CPU
		{BF814B2B-9090-4872-B7E2-141B5F849FE5}.Debug|x64.Build.0 = Debug|Any CPU
		{BF814B2B-9090-4872-B7E2-141B5F849FE5}.Debug|x86.ActiveCfg = Debug|Any CPU
		{BF814B2B-9090-4872-B7E2-141B5F849FE5}.Debug|x86.Build.0 = Debug|Any CPU
		{BF814B2B-9090-4872-B7E2-141B5F849FE5}.Release|Any CPU.ActiveCfg = Release|Any CPU
		{BF814B2B-9090-4872-B7E2-141B5F849FE5}.Release|Any CPU.Build.0 = Release|Any CPU
		{BF814B2B-9090-4872-B7E2-141B5F849FE5}.Release|x64.ActiveCfg = Release|Any CPU
		{BF814B2B-9090-4872-B7E2-141B5F849FE5}.Release|x64.Build.0 = Release|Any CPU
		{BF814B2B-9090-4872-B7E2-141B5F849FE5}.Release|x86.ActiveCfg = Release|Any CPU
		{BF814B2B-9090-4872-B7E2-141B5F849FE5}.Release|x86.Build.0 = Release|Any CPU
		{87FBEA87-8ADB-4684-BD14-9897A1574318}.Debug|Any CPU.ActiveCfg = Debug|Any CPU
		{87FBEA87-8ADB-4684-BD14-9897A1574318}.Debug|Any CPU.Build.0 = Debug|Any CPU
		{87FBEA87-8ADB-4684-BD14-9897A1574318}.Debug|x64.ActiveCfg = Debug|Any CPU
		{87FBEA87-8ADB-4684-BD14-9897A1574318}.Debug|x64.Build.0 = Debug|Any CPU
		{87FBEA87-8ADB-4684-BD14-9897A1574318}.Debug|x86.ActiveCfg = Debug|Any CPU
		{87FBEA87-8ADB-4684-BD14-9897A1574318}.Debug|x86.Build.0 = Debug|Any CPU
		{87FBEA87-8ADB-4684-BD14-9897A1574318}.Release|Any CPU.ActiveCfg = Release|Any CPU
		{87FBEA87-8ADB-4684-BD14-9897A1574318}.Release|x64.ActiveCfg = Release|Any CPU
		{87FBEA87-8ADB-4684-BD14-9897A1574318}.Release|x64.Build.0 = Release|Any CPU
		{87FBEA87-8ADB-4684-BD14-9897A1574318}.Release|x86.ActiveCfg = Release|Any CPU
		{87FBEA87-8ADB-4684-BD14-9897A1574318}.Release|x86.Build.0 = Release|Any CPU
		{0F33C921-D4A6-4AD0-8AB2-911941BAEF41}.Debug|Any CPU.ActiveCfg = Debug|Any CPU
		{0F33C921-D4A6-4AD0-8AB2-911941BAEF41}.Debug|Any CPU.Build.0 = Debug|Any CPU
		{0F33C921-D4A6-4AD0-8AB2-911941BAEF41}.Debug|x64.ActiveCfg = Debug|Any CPU
		{0F33C921-D4A6-4AD0-8AB2-911941BAEF41}.Debug|x64.Build.0 = Debug|Any CPU
		{0F33C921-D4A6-4AD0-8AB2-911941BAEF41}.Debug|x86.ActiveCfg = Debug|Any CPU
		{0F33C921-D4A6-4AD0-8AB2-911941BAEF41}.Debug|x86.Build.0 = Debug|Any CPU
		{0F33C921-D4A6-4AD0-8AB2-911941BAEF41}.Release|Any CPU.ActiveCfg = Release|Any CPU
		{0F33C921-D4A6-4AD0-8AB2-911941BAEF41}.Release|Any CPU.Build.0 = Release|Any CPU
		{0F33C921-D4A6-4AD0-8AB2-911941BAEF41}.Release|x64.ActiveCfg = Release|Any CPU
		{0F33C921-D4A6-4AD0-8AB2-911941BAEF41}.Release|x64.Build.0 = Release|Any CPU
		{0F33C921-D4A6-4AD0-8AB2-911941BAEF41}.Release|x86.ActiveCfg = Release|Any CPU
		{0F33C921-D4A6-4AD0-8AB2-911941BAEF41}.Release|x86.Build.0 = Release|Any CPU
		{0653930F-57F3-43E5-9166-118F32A5AE60}.Debug|Any CPU.ActiveCfg = Debug|Any CPU
		{0653930F-57F3-43E5-9166-118F32A5AE60}.Debug|Any CPU.Build.0 = Debug|Any CPU
		{0653930F-57F3-43E5-9166-118F32A5AE60}.Debug|x64.ActiveCfg = Debug|Any CPU
		{0653930F-57F3-43E5-9166-118F32A5AE60}.Debug|x64.Build.0 = Debug|Any CPU
		{0653930F-57F3-43E5-9166-118F32A5AE60}.Debug|x86.ActiveCfg = Debug|Any CPU
		{0653930F-57F3-43E5-9166-118F32A5AE60}.Debug|x86.Build.0 = Debug|Any CPU
		{0653930F-57F3-43E5-9166-118F32A5AE60}.Release|Any CPU.ActiveCfg = Release|Any CPU
		{0653930F-57F3-43E5-9166-118F32A5AE60}.Release|Any CPU.Build.0 = Release|Any CPU
		{0653930F-57F3-43E5-9166-118F32A5AE60}.Release|x64.ActiveCfg = Release|Any CPU
		{0653930F-57F3-43E5-9166-118F32A5AE60}.Release|x64.Build.0 = Release|Any CPU
		{0653930F-57F3-43E5-9166-118F32A5AE60}.Release|x86.ActiveCfg = Release|Any CPU
		{0653930F-57F3-43E5-9166-118F32A5AE60}.Release|x86.Build.0 = Release|Any CPU
		{BE4FEA5C-163E-425C-B1E0-5C1388703135}.Debug|Any CPU.ActiveCfg = Debug|Any CPU
		{BE4FEA5C-163E-425C-B1E0-5C1388703135}.Debug|Any CPU.Build.0 = Debug|Any CPU
		{BE4FEA5C-163E-425C-B1E0-5C1388703135}.Debug|x64.ActiveCfg = Debug|Any CPU
		{BE4FEA5C-163E-425C-B1E0-5C1388703135}.Debug|x64.Build.0 = Debug|Any CPU
		{BE4FEA5C-163E-425C-B1E0-5C1388703135}.Debug|x86.ActiveCfg = Debug|Any CPU
		{BE4FEA5C-163E-425C-B1E0-5C1388703135}.Debug|x86.Build.0 = Debug|Any CPU
		{BE4FEA5C-163E-425C-B1E0-5C1388703135}.Release|Any CPU.ActiveCfg = Release|Any CPU
		{BE4FEA5C-163E-425C-B1E0-5C1388703135}.Release|Any CPU.Build.0 = Release|Any CPU
		{BE4FEA5C-163E-425C-B1E0-5C1388703135}.Release|x64.ActiveCfg = Release|Any CPU
		{BE4FEA5C-163E-425C-B1E0-5C1388703135}.Release|x64.Build.0 = Release|Any CPU
		{BE4FEA5C-163E-425C-B1E0-5C1388703135}.Release|x86.ActiveCfg = Release|Any CPU
		{BE4FEA5C-163E-425C-B1E0-5C1388703135}.Release|x86.Build.0 = Release|Any CPU
		{F1DBE644-AAEE-4B09-896B-9622C1885A4C}.Debug|Any CPU.ActiveCfg = Debug|Any CPU
		{F1DBE644-AAEE-4B09-896B-9622C1885A4C}.Debug|Any CPU.Build.0 = Debug|Any CPU
		{F1DBE644-AAEE-4B09-896B-9622C1885A4C}.Debug|x64.ActiveCfg = Debug|Any CPU
		{F1DBE644-AAEE-4B09-896B-9622C1885A4C}.Debug|x64.Build.0 = Debug|Any CPU
		{F1DBE644-AAEE-4B09-896B-9622C1885A4C}.Debug|x86.ActiveCfg = Debug|Any CPU
		{F1DBE644-AAEE-4B09-896B-9622C1885A4C}.Debug|x86.Build.0 = Debug|Any CPU
		{F1DBE644-AAEE-4B09-896B-9622C1885A4C}.Release|Any CPU.ActiveCfg = Release|Any CPU
		{F1DBE644-AAEE-4B09-896B-9622C1885A4C}.Release|Any CPU.Build.0 = Release|Any CPU
		{F1DBE644-AAEE-4B09-896B-9622C1885A4C}.Release|x64.ActiveCfg = Release|Any CPU
		{F1DBE644-AAEE-4B09-896B-9622C1885A4C}.Release|x64.Build.0 = Release|Any CPU
		{F1DBE644-AAEE-4B09-896B-9622C1885A4C}.Release|x86.ActiveCfg = Release|Any CPU
		{F1DBE644-AAEE-4B09-896B-9622C1885A4C}.Release|x86.Build.0 = Release|Any CPU
	EndGlobalSection
	GlobalSection(SolutionProperties) = preSolution
		HideSolutionNode = FALSE
	EndGlobalSection
	GlobalSection(ExtensibilityGlobals) = postSolution
		SolutionGuid = {59C38C47-85C8-4A16-B6E1-11FCB7F3C036}
	EndGlobalSection
	GlobalSection(NestedProjects) = preSolution
	EndGlobalSection
EndGlobal
