
Microsoft Visual Studio Solution File, Format Version 12.00
# Visual Studio 15
VisualStudioVersion = 15.0.26124.0
MinimumVisualStudioVersion = 15.0.26124.0
Project("{FAE04EC0-301F-11D3-BF4B-00C04F79EFBC}") = "Toolset", "Toolset\Toolset.csproj", "{6886341A-3BF0-47DF-8CD1-2BB2CED91096}"
EndProject
Project("{FAE04EC0-301F-11D3-BF4B-00C04F79EFBC}") = "Toolset.Sequel", "Toolset.Sequel\Toolset.Sequel.csproj", "{E799E277-2A4B-48AF-9B2C-9B6215CB2D64}"
EndProject
Project("{FAE04EC0-301F-11D3-BF4B-00C04F79EFBC}") = "Toolset.Serialization", "Toolset.Serialization\Toolset.Serialization.csproj", "{DDA142C4-EDF7-4849-BBE2-59F8B3FB4D1A}"
EndProject
Project("{FAE04EC0-301F-11D3-BF4B-00C04F79EFBC}") = "Toolset.Text.Template", "Toolset.Text.Template\Toolset.Text.Template.csproj", "{EBFF530E-05AB-4EDA-8AA7-11EE42B62315}"
EndProject
Project("{FAE04EC0-301F-11D3-BF4B-00C04F79EFBC}") = "Director", "Director\Director.csproj", "{0DFD1DF8-8536-47E3-BF98-A189B53299FF}"
EndProject
Project("{FAE04EC0-301F-11D3-BF4B-00C04F79EFBC}") = "Paper", "Paper\Paper.csproj", "{90DFB96B-F131-4886-B22E-3B7E0D5402CD}"
EndProject
Project("{FAE04EC0-301F-11D3-BF4B-00C04F79EFBC}") = "Innkeeper", "Innkeeper\Innkeeper.csproj", "{A6BC256E-8045-479A-B22A-C29C07B450FA}"
EndProject
Global
	GlobalSection(SolutionConfigurationPlatforms) = preSolution
		Debug|Any CPU = Debug|Any CPU
		Debug|x64 = Debug|x64
		Debug|x86 = Debug|x86
		Release|Any CPU = Release|Any CPU
		Release|x64 = Release|x64
		Release|x86 = Release|x86
	EndGlobalSection
	GlobalSection(SolutionProperties) = preSolution
		HideSolutionNode = FALSE
	EndGlobalSection
	GlobalSection(ProjectConfigurationPlatforms) = postSolution
		{6886341A-3BF0-47DF-8CD1-2BB2CED91096}.Debug|Any CPU.ActiveCfg = Debug|Any CPU
		{6886341A-3BF0-47DF-8CD1-2BB2CED91096}.Debug|Any CPU.Build.0 = Debug|Any CPU
		{6886341A-3BF0-47DF-8CD1-2BB2CED91096}.Debug|x64.ActiveCfg = Debug|Any CPU
		{6886341A-3BF0-47DF-8CD1-2BB2CED91096}.Debug|x64.Build.0 = Debug|Any CPU
		{6886341A-3BF0-47DF-8CD1-2BB2CED91096}.Debug|x86.ActiveCfg = Debug|Any CPU
		{6886341A-3BF0-47DF-8CD1-2BB2CED91096}.Debug|x86.Build.0 = Debug|Any CPU
		{6886341A-3BF0-47DF-8CD1-2BB2CED91096}.Release|Any CPU.ActiveCfg = Release|Any CPU
		{6886341A-3BF0-47DF-8CD1-2BB2CED91096}.Release|Any CPU.Build.0 = Release|Any CPU
		{6886341A-3BF0-47DF-8CD1-2BB2CED91096}.Release|x64.ActiveCfg = Release|Any CPU
		{6886341A-3BF0-47DF-8CD1-2BB2CED91096}.Release|x64.Build.0 = Release|Any CPU
		{6886341A-3BF0-47DF-8CD1-2BB2CED91096}.Release|x86.ActiveCfg = Release|Any CPU
		{6886341A-3BF0-47DF-8CD1-2BB2CED91096}.Release|x86.Build.0 = Release|Any CPU
		{E799E277-2A4B-48AF-9B2C-9B6215CB2D64}.Debug|Any CPU.ActiveCfg = Debug|Any CPU
		{E799E277-2A4B-48AF-9B2C-9B6215CB2D64}.Debug|Any CPU.Build.0 = Debug|Any CPU
		{E799E277-2A4B-48AF-9B2C-9B6215CB2D64}.Debug|x64.ActiveCfg = Debug|Any CPU
		{E799E277-2A4B-48AF-9B2C-9B6215CB2D64}.Debug|x64.Build.0 = Debug|Any CPU
		{E799E277-2A4B-48AF-9B2C-9B6215CB2D64}.Debug|x86.ActiveCfg = Debug|Any CPU
		{E799E277-2A4B-48AF-9B2C-9B6215CB2D64}.Debug|x86.Build.0 = Debug|Any CPU
		{E799E277-2A4B-48AF-9B2C-9B6215CB2D64}.Release|Any CPU.ActiveCfg = Release|Any CPU
		{E799E277-2A4B-48AF-9B2C-9B6215CB2D64}.Release|Any CPU.Build.0 = Release|Any CPU
		{E799E277-2A4B-48AF-9B2C-9B6215CB2D64}.Release|x64.ActiveCfg = Release|Any CPU
		{E799E277-2A4B-48AF-9B2C-9B6215CB2D64}.Release|x64.Build.0 = Release|Any CPU
		{E799E277-2A4B-48AF-9B2C-9B6215CB2D64}.Release|x86.ActiveCfg = Release|Any CPU
		{E799E277-2A4B-48AF-9B2C-9B6215CB2D64}.Release|x86.Build.0 = Release|Any CPU
		{DDA142C4-EDF7-4849-BBE2-59F8B3FB4D1A}.Debug|Any CPU.ActiveCfg = Debug|Any CPU
		{DDA142C4-EDF7-4849-BBE2-59F8B3FB4D1A}.Debug|Any CPU.Build.0 = Debug|Any CPU
		{DDA142C4-EDF7-4849-BBE2-59F8B3FB4D1A}.Debug|x64.ActiveCfg = Debug|Any CPU
		{DDA142C4-EDF7-4849-BBE2-59F8B3FB4D1A}.Debug|x64.Build.0 = Debug|Any CPU
		{DDA142C4-EDF7-4849-BBE2-59F8B3FB4D1A}.Debug|x86.ActiveCfg = Debug|Any CPU
		{DDA142C4-EDF7-4849-BBE2-59F8B3FB4D1A}.Debug|x86.Build.0 = Debug|Any CPU
		{DDA142C4-EDF7-4849-BBE2-59F8B3FB4D1A}.Release|Any CPU.ActiveCfg = Release|Any CPU
		{DDA142C4-EDF7-4849-BBE2-59F8B3FB4D1A}.Release|Any CPU.Build.0 = Release|Any CPU
		{DDA142C4-EDF7-4849-BBE2-59F8B3FB4D1A}.Release|x64.ActiveCfg = Release|Any CPU
		{DDA142C4-EDF7-4849-BBE2-59F8B3FB4D1A}.Release|x64.Build.0 = Release|Any CPU
		{DDA142C4-EDF7-4849-BBE2-59F8B3FB4D1A}.Release|x86.ActiveCfg = Release|Any CPU
		{DDA142C4-EDF7-4849-BBE2-59F8B3FB4D1A}.Release|x86.Build.0 = Release|Any CPU
		{EBFF530E-05AB-4EDA-8AA7-11EE42B62315}.Debug|Any CPU.ActiveCfg = Debug|Any CPU
		{EBFF530E-05AB-4EDA-8AA7-11EE42B62315}.Debug|Any CPU.Build.0 = Debug|Any CPU
		{EBFF530E-05AB-4EDA-8AA7-11EE42B62315}.Debug|x64.ActiveCfg = Debug|Any CPU
		{EBFF530E-05AB-4EDA-8AA7-11EE42B62315}.Debug|x64.Build.0 = Debug|Any CPU
		{EBFF530E-05AB-4EDA-8AA7-11EE42B62315}.Debug|x86.ActiveCfg = Debug|Any CPU
		{EBFF530E-05AB-4EDA-8AA7-11EE42B62315}.Debug|x86.Build.0 = Debug|Any CPU
		{EBFF530E-05AB-4EDA-8AA7-11EE42B62315}.Release|Any CPU.ActiveCfg = Release|Any CPU
		{EBFF530E-05AB-4EDA-8AA7-11EE42B62315}.Release|Any CPU.Build.0 = Release|Any CPU
		{EBFF530E-05AB-4EDA-8AA7-11EE42B62315}.Release|x64.ActiveCfg = Release|Any CPU
		{EBFF530E-05AB-4EDA-8AA7-11EE42B62315}.Release|x64.Build.0 = Release|Any CPU
		{EBFF530E-05AB-4EDA-8AA7-11EE42B62315}.Release|x86.ActiveCfg = Release|Any CPU
		{EBFF530E-05AB-4EDA-8AA7-11EE42B62315}.Release|x86.Build.0 = Release|Any CPU
		{0DFD1DF8-8536-47E3-BF98-A189B53299FF}.Debug|Any CPU.ActiveCfg = Debug|Any CPU
		{0DFD1DF8-8536-47E3-BF98-A189B53299FF}.Debug|Any CPU.Build.0 = Debug|Any CPU
		{0DFD1DF8-8536-47E3-BF98-A189B53299FF}.Debug|x64.ActiveCfg = Debug|Any CPU
		{0DFD1DF8-8536-47E3-BF98-A189B53299FF}.Debug|x64.Build.0 = Debug|Any CPU
		{0DFD1DF8-8536-47E3-BF98-A189B53299FF}.Debug|x86.ActiveCfg = Debug|Any CPU
		{0DFD1DF8-8536-47E3-BF98-A189B53299FF}.Debug|x86.Build.0 = Debug|Any CPU
		{0DFD1DF8-8536-47E3-BF98-A189B53299FF}.Release|Any CPU.ActiveCfg = Release|Any CPU
		{0DFD1DF8-8536-47E3-BF98-A189B53299FF}.Release|Any CPU.Build.0 = Release|Any CPU
		{0DFD1DF8-8536-47E3-BF98-A189B53299FF}.Release|x64.ActiveCfg = Release|Any CPU
		{0DFD1DF8-8536-47E3-BF98-A189B53299FF}.Release|x64.Build.0 = Release|Any CPU
		{0DFD1DF8-8536-47E3-BF98-A189B53299FF}.Release|x86.ActiveCfg = Release|Any CPU
		{0DFD1DF8-8536-47E3-BF98-A189B53299FF}.Release|x86.Build.0 = Release|Any CPU
		{90DFB96B-F131-4886-B22E-3B7E0D5402CD}.Debug|Any CPU.ActiveCfg = Debug|Any CPU
		{90DFB96B-F131-4886-B22E-3B7E0D5402CD}.Debug|Any CPU.Build.0 = Debug|Any CPU
		{90DFB96B-F131-4886-B22E-3B7E0D5402CD}.Debug|x64.ActiveCfg = Debug|Any CPU
		{90DFB96B-F131-4886-B22E-3B7E0D5402CD}.Debug|x64.Build.0 = Debug|Any CPU
		{90DFB96B-F131-4886-B22E-3B7E0D5402CD}.Debug|x86.ActiveCfg = Debug|Any CPU
		{90DFB96B-F131-4886-B22E-3B7E0D5402CD}.Debug|x86.Build.0 = Debug|Any CPU
		{90DFB96B-F131-4886-B22E-3B7E0D5402CD}.Release|Any CPU.ActiveCfg = Release|Any CPU
		{90DFB96B-F131-4886-B22E-3B7E0D5402CD}.Release|Any CPU.Build.0 = Release|Any CPU
		{90DFB96B-F131-4886-B22E-3B7E0D5402CD}.Release|x64.ActiveCfg = Release|Any CPU
		{90DFB96B-F131-4886-B22E-3B7E0D5402CD}.Release|x64.Build.0 = Release|Any CPU
		{90DFB96B-F131-4886-B22E-3B7E0D5402CD}.Release|x86.ActiveCfg = Release|Any CPU
		{90DFB96B-F131-4886-B22E-3B7E0D5402CD}.Release|x86.Build.0 = Release|Any CPU
		{A6BC256E-8045-479A-B22A-C29C07B450FA}.Debug|Any CPU.ActiveCfg = Debug|Any CPU
		{A6BC256E-8045-479A-B22A-C29C07B450FA}.Debug|Any CPU.Build.0 = Debug|Any CPU
		{A6BC256E-8045-479A-B22A-C29C07B450FA}.Debug|x64.ActiveCfg = Debug|Any CPU
		{A6BC256E-8045-479A-B22A-C29C07B450FA}.Debug|x64.Build.0 = Debug|Any CPU
		{A6BC256E-8045-479A-B22A-C29C07B450FA}.Debug|x86.ActiveCfg = Debug|Any CPU
		{A6BC256E-8045-479A-B22A-C29C07B450FA}.Debug|x86.Build.0 = Debug|Any CPU
		{A6BC256E-8045-479A-B22A-C29C07B450FA}.Release|Any CPU.ActiveCfg = Release|Any CPU
		{A6BC256E-8045-479A-B22A-C29C07B450FA}.Release|Any CPU.Build.0 = Release|Any CPU
		{A6BC256E-8045-479A-B22A-C29C07B450FA}.Release|x64.ActiveCfg = Release|Any CPU
		{A6BC256E-8045-479A-B22A-C29C07B450FA}.Release|x64.Build.0 = Release|Any CPU
		{A6BC256E-8045-479A-B22A-C29C07B450FA}.Release|x86.ActiveCfg = Release|Any CPU
		{A6BC256E-8045-479A-B22A-C29C07B450FA}.Release|x86.Build.0 = Release|Any CPU
	EndGlobalSection
EndGlobal
