
Microsoft Visual Studio Solution File, Format Version 12.00
# Visual Studio 15
VisualStudioVersion = 15.0.26124.0
MinimumVisualStudioVersion = 15.0.26124.0
Project("{FAE04EC0-301F-11D3-BF4B-00C04F79EFBC}") = "Director", "Director\Director.csproj", "{0DFD1DF8-8536-47E3-BF98-A189B53299FF}"
EndProject
Project("{FAE04EC0-301F-11D3-BF4B-00C04F79EFBC}") = "Innkeeper", "Innkeeper\Innkeeper.csproj", "{A6BC256E-8045-479A-B22A-C29C07B450FA}"
EndProject
Project("{FAE04EC0-301F-11D3-BF4B-00C04F79EFBC}") = "Keep.Tools", "Keep.Tools\Keep.Tools.csproj", "{A1711D92-A194-402D-B8E9-B4F67B5399A8}"
EndProject
Project("{FAE04EC0-301F-11D3-BF4B-00C04F79EFBC}") = "Keep.Paper", "Keep.Paper\Keep.Paper.csproj", "{5585C66E-A8F9-44F5-A87C-F1C6AE5D58A7}"
EndProject
Global
	GlobalSection(SolutionConfigurationPlatforms) = preSolution
		Debug|Any CPU = Debug|Any CPU
		Debug|x64 = Debug|x64
		Debug|x86 = Debug|x86
		Release|Any CPU = Release|Any CPU
		Release|x64 = Release|x64
		Release|x86 = Release|x86
	EndGlobalSection
	GlobalSection(SolutionProperties) = preSolution
		HideSolutionNode = FALSE
	EndGlobalSection
	GlobalSection(ProjectConfigurationPlatforms) = postSolution
		{0DFD1DF8-8536-47E3-BF98-A189B53299FF}.Debug|Any CPU.ActiveCfg = Debug|Any CPU
		{0DFD1DF8-8536-47E3-BF98-A189B53299FF}.Debug|Any CPU.Build.0 = Debug|Any CPU
		{0DFD1DF8-8536-47E3-BF98-A189B53299FF}.Debug|x64.ActiveCfg = Debug|Any CPU
		{0DFD1DF8-8536-47E3-BF98-A189B53299FF}.Debug|x64.Build.0 = Debug|Any CPU
		{0DFD1DF8-8536-47E3-BF98-A189B53299FF}.Debug|x86.ActiveCfg = Debug|Any CPU
		{0DFD1DF8-8536-47E3-BF98-A189B53299FF}.Debug|x86.Build.0 = Debug|Any CPU
		{0DFD1DF8-8536-47E3-BF98-A189B53299FF}.Release|Any CPU.ActiveCfg = Release|Any CPU
		{0DFD1DF8-8536-47E3-BF98-A189B53299FF}.Release|Any CPU.Build.0 = Release|Any CPU
		{0DFD1DF8-8536-47E3-BF98-A189B53299FF}.Release|x64.ActiveCfg = Release|Any CPU
		{0DFD1DF8-8536-47E3-BF98-A189B53299FF}.Release|x64.Build.0 = Release|Any CPU
		{0DFD1DF8-8536-47E3-BF98-A189B53299FF}.Release|x86.ActiveCfg = Release|Any CPU
		{0DFD1DF8-8536-47E3-BF98-A189B53299FF}.Release|x86.Build.0 = Release|Any CPU
		{A6BC256E-8045-479A-B22A-C29C07B450FA}.Debug|Any CPU.ActiveCfg = Debug|Any CPU
		{A6BC256E-8045-479A-B22A-C29C07B450FA}.Debug|Any CPU.Build.0 = Debug|Any CPU
		{A6BC256E-8045-479A-B22A-C29C07B450FA}.Debug|x64.ActiveCfg = Debug|Any CPU
		{A6BC256E-8045-479A-B22A-C29C07B450FA}.Debug|x64.Build.0 = Debug|Any CPU
		{A6BC256E-8045-479A-B22A-C29C07B450FA}.Debug|x86.ActiveCfg = Debug|Any CPU
		{A6BC256E-8045-479A-B22A-C29C07B450FA}.Debug|x86.Build.0 = Debug|Any CPU
		{A6BC256E-8045-479A-B22A-C29C07B450FA}.Release|Any CPU.ActiveCfg = Release|Any CPU
		{A6BC256E-8045-479A-B22A-C29C07B450FA}.Release|Any CPU.Build.0 = Release|Any CPU
		{A6BC256E-8045-479A-B22A-C29C07B450FA}.Release|x64.ActiveCfg = Release|Any CPU
		{A6BC256E-8045-479A-B22A-C29C07B450FA}.Release|x64.Build.0 = Release|Any CPU
		{A6BC256E-8045-479A-B22A-C29C07B450FA}.Release|x86.ActiveCfg = Release|Any CPU
		{A6BC256E-8045-479A-B22A-C29C07B450FA}.Release|x86.Build.0 = Release|Any CPU
		{A1711D92-A194-402D-B8E9-B4F67B5399A8}.Debug|Any CPU.ActiveCfg = Debug|Any CPU
		{A1711D92-A194-402D-B8E9-B4F67B5399A8}.Debug|Any CPU.Build.0 = Debug|Any CPU
		{A1711D92-A194-402D-B8E9-B4F67B5399A8}.Debug|x64.ActiveCfg = Debug|Any CPU
		{A1711D92-A194-402D-B8E9-B4F67B5399A8}.Debug|x64.Build.0 = Debug|Any CPU
		{A1711D92-A194-402D-B8E9-B4F67B5399A8}.Debug|x86.ActiveCfg = Debug|Any CPU
		{A1711D92-A194-402D-B8E9-B4F67B5399A8}.Debug|x86.Build.0 = Debug|Any CPU
		{A1711D92-A194-402D-B8E9-B4F67B5399A8}.Release|Any CPU.ActiveCfg = Release|Any CPU
		{A1711D92-A194-402D-B8E9-B4F67B5399A8}.Release|Any CPU.Build.0 = Release|Any CPU
		{A1711D92-A194-402D-B8E9-B4F67B5399A8}.Release|x64.ActiveCfg = Release|Any CPU
		{A1711D92-A194-402D-B8E9-B4F67B5399A8}.Release|x64.Build.0 = Release|Any CPU
		{A1711D92-A194-402D-B8E9-B4F67B5399A8}.Release|x86.ActiveCfg = Release|Any CPU
		{A1711D92-A194-402D-B8E9-B4F67B5399A8}.Release|x86.Build.0 = Release|Any CPU
		{5585C66E-A8F9-44F5-A87C-F1C6AE5D58A7}.Debug|Any CPU.ActiveCfg = Debug|Any CPU
		{5585C66E-A8F9-44F5-A87C-F1C6AE5D58A7}.Debug|Any CPU.Build.0 = Debug|Any CPU
		{5585C66E-A8F9-44F5-A87C-F1C6AE5D58A7}.Debug|x64.ActiveCfg = Debug|Any CPU
		{5585C66E-A8F9-44F5-A87C-F1C6AE5D58A7}.Debug|x64.Build.0 = Debug|Any CPU
		{5585C66E-A8F9-44F5-A87C-F1C6AE5D58A7}.Debug|x86.ActiveCfg = Debug|Any CPU
		{5585C66E-A8F9-44F5-A87C-F1C6AE5D58A7}.Debug|x86.Build.0 = Debug|Any CPU
		{5585C66E-A8F9-44F5-A87C-F1C6AE5D58A7}.Release|Any CPU.ActiveCfg = Release|Any CPU
		{5585C66E-A8F9-44F5-A87C-F1C6AE5D58A7}.Release|Any CPU.Build.0 = Release|Any CPU
		{5585C66E-A8F9-44F5-A87C-F1C6AE5D58A7}.Release|x64.ActiveCfg = Release|Any CPU
		{5585C66E-A8F9-44F5-A87C-F1C6AE5D58A7}.Release|x64.Build.0 = Release|Any CPU
		{5585C66E-A8F9-44F5-A87C-F1C6AE5D58A7}.Release|x86.ActiveCfg = Release|Any CPU
		{5585C66E-A8F9-44F5-A87C-F1C6AE5D58A7}.Release|x86.Build.0 = Release|Any CPU
	EndGlobalSection
EndGlobal
